
Microsoft Visual Studio Solution File, Format Version 12.00
# Visual Studio 14
VisualStudioVersion = 14.0.25420.1
MinimumVisualStudioVersion = 10.0.40219.1
Project("{FAE04EC0-301F-11D3-BF4B-00C04F79EFBC}") = "Server", "Server\Server.csproj", "{1983EDA1-66D8-4872-835A-EB72466A8025}"
EndProject
Project("{FAE04EC0-301F-11D3-BF4B-00C04F79EFBC}") = "SocketSystem", "SocketSystem\SocketSystem.csproj", "{DA9A5D16-8BCA-413C-8418-63AC6F441CE8}"
EndProject
Project("{FAE04EC0-301F-11D3-BF4B-00C04F79EFBC}") = "Protocol", "Proto\Protocol.csproj", "{6043ED12-F29E-48C5-B358-0B512D7736E5}"
EndProject
Global
	GlobalSection(SolutionConfigurationPlatforms) = preSolution
		Debug|Any CPU = Debug|Any CPU
		Release|Any CPU = Release|Any CPU
	EndGlobalSection
	GlobalSection(ProjectConfigurationPlatforms) = postSolution
		{1983EDA1-66D8-4872-835A-EB72466A8025}.Debug|Any CPU.ActiveCfg = Debug|Any CPU
		{1983EDA1-66D8-4872-835A-EB72466A8025}.Debug|Any CPU.Build.0 = Debug|Any CPU
		{1983EDA1-66D8-4872-835A-EB72466A8025}.Release|Any CPU.ActiveCfg = Release|Any CPU
		{1983EDA1-66D8-4872-835A-EB72466A8025}.Release|Any CPU.Build.0 = Release|Any CPU
		{DA9A5D16-8BCA-413C-8418-63AC6F441CE8}.Debug|Any CPU.ActiveCfg = Debug|Any CPU
		{DA9A5D16-8BCA-413C-8418-63AC6F441CE8}.Debug|Any CPU.Build.0 = Debug|Any CPU
		{DA9A5D16-8BCA-413C-8418-63AC6F441CE8}.Release|Any CPU.ActiveCfg = Release|Any CPU
		{DA9A5D16-8BCA-413C-8418-63AC6F441CE8}.Release|Any CPU.Build.0 = Release|Any CPU
		{6043ED12-F29E-48C5-B358-0B512D7736E5}.Debug|Any CPU.ActiveCfg = Debug|Any CPU
		{6043ED12-F29E-48C5-B358-0B512D7736E5}.Debug|Any CPU.Build.0 = Debug|Any CPU
		{6043ED12-F29E-48C5-B358-0B512D7736E5}.Release|Any CPU.ActiveCfg = Release|Any CPU
		{6043ED12-F29E-48C5-B358-0B512D7736E5}.Release|Any CPU.Build.0 = Release|Any CPU
	EndGlobalSection
	GlobalSection(SolutionProperties) = preSolution
		HideSolutionNode = FALSE
	EndGlobalSection
EndGlobal
